
Microsoft Visual Studio Solution File, Format Version 12.00
# Visual Studio Version 16
VisualStudioVersion = 16.0.30223.230
MinimumVisualStudioVersion = 10.0.40219.1
Project("{9A19103F-16F7-4668-BE54-9A1E7A4F7556}") = "Company.Api", "Api\Company.Api.csproj", "{B9CDF875-A9EA-448D-BD35-122839EF3E99}"
EndProject
Project("{9A19103F-16F7-4668-BE54-9A1E7A4F7556}") = "Company.Domain", "Domain\Company.Domain.csproj", "{AD12130D-4B03-41DB-8DAB-CA728006CA90}"
EndProject
Project("{9A19103F-16F7-4668-BE54-9A1E7A4F7556}") = "Company.Infrastructure", "Infrastructure\Company.Infrastructure.csproj", "{A6602D34-A0AE-48B9-A79F-B309FA5A98A1}"
EndProject
Project("{9A19103F-16F7-4668-BE54-9A1E7A4F7556}") = "Company.Application", "Application\Company.Application.csproj", "{FB61863F-E19E-4510-832F-543C419EBD73}"
EndProject
Project("{9A19103F-16F7-4668-BE54-9A1E7A4F7556}") = "Company.Messages", "Messages\Company.Messages.csproj", "{C17E8BF7-34C8-4044-9E0B-19B491DACE21}"
EndProject
Project("{2150E333-8FDC-42A3-9474-1A3956D46DE8}") = "Api", "Api", "{34E71C76-7B35-4C7B-BCD2-F353D3064A94}"
EndProject
Project("{2150E333-8FDC-42A3-9474-1A3956D46DE8}") = "Tests", "Tests", "{FE8C46F7-0C8C-43E3-95D5-A591B1784530}"
EndProject
Project("{FAE04EC0-301F-11D3-BF4B-00C04F79EFBC}") = "Company.UnitTests", "..\..\tests\Company.UnitTests\Company.UnitTests.csproj", "{7B4EE1F3-086E-4FC7-AAB6-FD9621C1B5CB}"
EndProject
Global
	GlobalSection(SolutionConfigurationPlatforms) = preSolution
		Debug|Any CPU = Debug|Any CPU
		Release|Any CPU = Release|Any CPU
	EndGlobalSection
	GlobalSection(ProjectConfigurationPlatforms) = postSolution
		{B9CDF875-A9EA-448D-BD35-122839EF3E99}.Debug|Any CPU.ActiveCfg = Debug|Any CPU
		{B9CDF875-A9EA-448D-BD35-122839EF3E99}.Debug|Any CPU.Build.0 = Debug|Any CPU
		{B9CDF875-A9EA-448D-BD35-122839EF3E99}.Release|Any CPU.ActiveCfg = Release|Any CPU
		{B9CDF875-A9EA-448D-BD35-122839EF3E99}.Release|Any CPU.Build.0 = Release|Any CPU
		{AD12130D-4B03-41DB-8DAB-CA728006CA90}.Debug|Any CPU.ActiveCfg = Debug|Any CPU
		{AD12130D-4B03-41DB-8DAB-CA728006CA90}.Debug|Any CPU.Build.0 = Debug|Any CPU
		{AD12130D-4B03-41DB-8DAB-CA728006CA90}.Release|Any CPU.ActiveCfg = Release|Any CPU
		{AD12130D-4B03-41DB-8DAB-CA728006CA90}.Release|Any CPU.Build.0 = Release|Any CPU
		{A6602D34-A0AE-48B9-A79F-B309FA5A98A1}.Debug|Any CPU.ActiveCfg = Debug|Any CPU
		{A6602D34-A0AE-48B9-A79F-B309FA5A98A1}.Debug|Any CPU.Build.0 = Debug|Any CPU
		{A6602D34-A0AE-48B9-A79F-B309FA5A98A1}.Release|Any CPU.ActiveCfg = Release|Any CPU
		{A6602D34-A0AE-48B9-A79F-B309FA5A98A1}.Release|Any CPU.Build.0 = Release|Any CPU
		{FB61863F-E19E-4510-832F-543C419EBD73}.Debug|Any CPU.ActiveCfg = Debug|Any CPU
		{FB61863F-E19E-4510-832F-543C419EBD73}.Debug|Any CPU.Build.0 = Debug|Any CPU
		{FB61863F-E19E-4510-832F-543C419EBD73}.Release|Any CPU.ActiveCfg = Release|Any CPU
		{FB61863F-E19E-4510-832F-543C419EBD73}.Release|Any CPU.Build.0 = Release|Any CPU
		{C17E8BF7-34C8-4044-9E0B-19B491DACE21}.Debug|Any CPU.ActiveCfg = Debug|Any CPU
		{C17E8BF7-34C8-4044-9E0B-19B491DACE21}.Debug|Any CPU.Build.0 = Debug|Any CPU
		{C17E8BF7-34C8-4044-9E0B-19B491DACE21}.Release|Any CPU.ActiveCfg = Release|Any CPU
		{C17E8BF7-34C8-4044-9E0B-19B491DACE21}.Release|Any CPU.Build.0 = Release|Any CPU
		{7B4EE1F3-086E-4FC7-AAB6-FD9621C1B5CB}.Debug|Any CPU.ActiveCfg = Debug|Any CPU
		{7B4EE1F3-086E-4FC7-AAB6-FD9621C1B5CB}.Debug|Any CPU.Build.0 = Debug|Any CPU
		{7B4EE1F3-086E-4FC7-AAB6-FD9621C1B5CB}.Release|Any CPU.ActiveCfg = Release|Any CPU
		{7B4EE1F3-086E-4FC7-AAB6-FD9621C1B5CB}.Release|Any CPU.Build.0 = Release|Any CPU
	EndGlobalSection
	GlobalSection(SolutionProperties) = preSolution
		HideSolutionNode = FALSE
	EndGlobalSection
	GlobalSection(NestedProjects) = preSolution
		{B9CDF875-A9EA-448D-BD35-122839EF3E99} = {34E71C76-7B35-4C7B-BCD2-F353D3064A94}
		{AD12130D-4B03-41DB-8DAB-CA728006CA90} = {34E71C76-7B35-4C7B-BCD2-F353D3064A94}
		{A6602D34-A0AE-48B9-A79F-B309FA5A98A1} = {34E71C76-7B35-4C7B-BCD2-F353D3064A94}
		{FB61863F-E19E-4510-832F-543C419EBD73} = {34E71C76-7B35-4C7B-BCD2-F353D3064A94}
		{C17E8BF7-34C8-4044-9E0B-19B491DACE21} = {34E71C76-7B35-4C7B-BCD2-F353D3064A94}
		{7B4EE1F3-086E-4FC7-AAB6-FD9621C1B5CB} = {FE8C46F7-0C8C-43E3-95D5-A591B1784530}
	EndGlobalSection
	GlobalSection(ExtensibilityGlobals) = postSolution
		SolutionGuid = {381D813B-A7FD-49DB-816A-941E23565CAC}
	EndGlobalSection
EndGlobal
